
Microsoft Visual Studio Solution File, Format Version 12.00
# Visual Studio Version 17
VisualStudioVersion = 17.4.33122.133
MinimumVisualStudioVersion = 10.0.40219.1
Project("{9A19103F-16F7-4668-BE54-9A1E7A4F7556}") = "CoffeeVendingMachine", "CoffeeVendingMachine\CoffeeVendingMachine.csproj", "{6E8DA98C-A276-4A4F-92CA-D899D22C8F69}"
EndProject
Project("{FAE04EC0-301F-11D3-BF4B-00C04F79EFBC}") = "StarbucksCoffee.Api", "CoffeeVendingMachine.Api\StarbucksCoffee.Api.csproj", "{0D26F25F-8E3E-4956-9AF6-1F1793366BDF}"
EndProject
Project("{FAE04EC0-301F-11D3-BF4B-00C04F79EFBC}") = "CoffeeVendingMachine.Shared", "CoffeeVendingMachine.Shared\CoffeeVendingMachine.Shared.csproj", "{56D629C7-94F9-4CBB-8D38-234BAE21EB48}"
EndProject
Global
	GlobalSection(SolutionConfigurationPlatforms) = preSolution
		Debug|Any CPU = Debug|Any CPU
		Release|Any CPU = Release|Any CPU
	EndGlobalSection
	GlobalSection(ProjectConfigurationPlatforms) = postSolution
		{6E8DA98C-A276-4A4F-92CA-D899D22C8F69}.Debug|Any CPU.ActiveCfg = Debug|Any CPU
		{6E8DA98C-A276-4A4F-92CA-D899D22C8F69}.Debug|Any CPU.Build.0 = Debug|Any CPU
		{6E8DA98C-A276-4A4F-92CA-D899D22C8F69}.Release|Any CPU.ActiveCfg = Release|Any CPU
		{6E8DA98C-A276-4A4F-92CA-D899D22C8F69}.Release|Any CPU.Build.0 = Release|Any CPU
		{0D26F25F-8E3E-4956-9AF6-1F1793366BDF}.Debug|Any CPU.ActiveCfg = Debug|Any CPU
		{0D26F25F-8E3E-4956-9AF6-1F1793366BDF}.Debug|Any CPU.Build.0 = Debug|Any CPU
		{0D26F25F-8E3E-4956-9AF6-1F1793366BDF}.Release|Any CPU.ActiveCfg = Release|Any CPU
		{0D26F25F-8E3E-4956-9AF6-1F1793366BDF}.Release|Any CPU.Build.0 = Release|Any CPU
		{56D629C7-94F9-4CBB-8D38-234BAE21EB48}.Debug|Any CPU.ActiveCfg = Debug|Any CPU
		{56D629C7-94F9-4CBB-8D38-234BAE21EB48}.Debug|Any CPU.Build.0 = Debug|Any CPU
		{56D629C7-94F9-4CBB-8D38-234BAE21EB48}.Release|Any CPU.ActiveCfg = Release|Any CPU
		{56D629C7-94F9-4CBB-8D38-234BAE21EB48}.Release|Any CPU.Build.0 = Release|Any CPU
	EndGlobalSection
	GlobalSection(SolutionProperties) = preSolution
		HideSolutionNode = FALSE
	EndGlobalSection
	GlobalSection(ExtensibilityGlobals) = postSolution
		SolutionGuid = {4709A706-AADE-4E51-BAEB-E7282F435E4D}
	EndGlobalSection
EndGlobal
